// !$*UTF8*$!
{
	archiveVersion = 1;
	classes = {
	};
	objectVersion = 55;
	objects = {

/* Begin PBXBuildFile section */
		220E5E492841FD0900C061B5 /* AppDelegate.swift in Sources */ = {isa = PBXBuildFile; fileRef = 220E5E482841FD0900C061B5 /* AppDelegate.swift */; };
		220E5E4B2841FD0900C061B5 /* SceneDelegate.swift in Sources */ = {isa = PBXBuildFile; fileRef = 220E5E4A2841FD0900C061B5 /* SceneDelegate.swift */; };
		220E5E4D2841FD0900C061B5 /* ViewController.swift in Sources */ = {isa = PBXBuildFile; fileRef = 220E5E4C2841FD0900C061B5 /* ViewController.swift */; };
		220E5E502841FD0900C061B5 /* Main.storyboard in Resources */ = {isa = PBXBuildFile; fileRef = 220E5E4E2841FD0900C061B5 /* Main.storyboard */; };
		220E5E522841FD0B00C061B5 /* Assets.xcassets in Resources */ = {isa = PBXBuildFile; fileRef = 220E5E512841FD0B00C061B5 /* Assets.xcassets */; };
		220E5E552841FD0B00C061B5 /* LaunchScreen.storyboard in Resources */ = {isa = PBXBuildFile; fileRef = 220E5E532841FD0B00C061B5 /* LaunchScreen.storyboard */; };
		220E5E5F284203E400C061B5 /* FormView.swift in Sources */ = {isa = PBXBuildFile; fileRef = 220E5E5E284203E400C061B5 /* FormView.swift */; };
		220E5E6128420D3A00C061B5 /* MenuView.swift in Sources */ = {isa = PBXBuildFile; fileRef = 220E5E6028420D3A00C061B5 /* MenuView.swift */; };
		220E5E642842108200C061B5 /* InfoPanelView.swift in Sources */ = {isa = PBXBuildFile; fileRef = 220E5E632842108200C061B5 /* InfoPanelView.swift */; };
		220E5E672842110900C061B5 /* WatermelonsData.swift in Sources */ = {isa = PBXBuildFile; fileRef = 220E5E662842110900C061B5 /* WatermelonsData.swift */; };
		220E5E6A2842113B00C061B5 /* WatermelonModel.swift in Sources */ = {isa = PBXBuildFile; fileRef = 220E5E692842113B00C061B5 /* WatermelonModel.swift */; };
		22FA60CF284348E6005C7B91 /* Constant.swift in Sources */ = {isa = PBXBuildFile; fileRef = 22FA60CE284348E6005C7B91 /* Constant.swift */; };
		22FA60D128434912005C7B91 /* FarmModel.swift in Sources */ = {isa = PBXBuildFile; fileRef = 22FA60D028434912005C7B91 /* FarmModel.swift */; };
		22FA60D328434952005C7B91 /* FarmData.swift in Sources */ = {isa = PBXBuildFile; fileRef = 22FA60D228434952005C7B91 /* FarmData.swift */; };
		22FA60D528434984005C7B91 /* FarmDetailView.swift in Sources */ = {isa = PBXBuildFile; fileRef = 22FA60D428434984005C7B91 /* FarmDetailView.swift */; };
		22FA60D7284349A0005C7B91 /* FarmCardView.swift in Sources */ = {isa = PBXBuildFile; fileRef = 22FA60D6284349A0005C7B91 /* FarmCardView.swift */; };
		22FA60D9284349C3005C7B91 /* ChooseView.swift in Sources */ = {isa = PBXBuildFile; fileRef = 22FA60D8284349C3005C7B91 /* ChooseView.swift */; };
		22FA60DB28434A0C005C7B91 /* PlaceView.swift in Sources */ = {isa = PBXBuildFile; fileRef = 22FA60DA28434A0C005C7B91 /* PlaceView.swift */; };
		22FA60DD28434A28005C7B91 /* GridView.swift in Sources */ = {isa = PBXBuildFile; fileRef = 22FA60DC28434A28005C7B91 /* GridView.swift */; };
		22FA60E028434AA9005C7B91 /* iPhoneNumberField in Frameworks */ = {isa = PBXBuildFile; productRef = 22FA60DF28434AA9005C7B91 /* iPhoneNumberField */; };
/* End PBXBuildFile section */

/* Begin PBXFileReference section */
		220E5E452841FD0900C061B5 /* Arbuz.app */ = {isa = PBXFileReference; explicitFileType = wrapper.application; includeInIndex = 0; path = Arbuz.app; sourceTree = BUILT_PRODUCTS_DIR; };
		220E5E482841FD0900C061B5 /* AppDelegate.swift */ = {isa = PBXFileReference; lastKnownFileType = sourcecode.swift; path = AppDelegate.swift; sourceTree = "<group>"; };
		220E5E4A2841FD0900C061B5 /* SceneDelegate.swift */ = {isa = PBXFileReference; lastKnownFileType = sourcecode.swift; path = SceneDelegate.swift; sourceTree = "<group>"; };
		220E5E4C2841FD0900C061B5 /* ViewController.swift */ = {isa = PBXFileReference; lastKnownFileType = sourcecode.swift; path = ViewController.swift; sourceTree = "<group>"; };
		220E5E4F2841FD0900C061B5 /* Base */ = {isa = PBXFileReference; lastKnownFileType = file.storyboard; name = Base; path = Base.lproj/Main.storyboard; sourceTree = "<group>"; };
		220E5E512841FD0B00C061B5 /* Assets.xcassets */ = {isa = PBXFileReference; lastKnownFileType = folder.assetcatalog; path = Assets.xcassets; sourceTree = "<group>"; };
		220E5E542841FD0B00C061B5 /* Base */ = {isa = PBXFileReference; lastKnownFileType = file.storyboard; name = Base; path = Base.lproj/LaunchScreen.storyboard; sourceTree = "<group>"; };
		220E5E562841FD0B00C061B5 /* Info.plist */ = {isa = PBXFileReference; lastKnownFileType = text.plist.xml; path = Info.plist; sourceTree = "<group>"; };
		220E5E5E284203E400C061B5 /* FormView.swift */ = {isa = PBXFileReference; lastKnownFileType = sourcecode.swift; path = FormView.swift; sourceTree = "<group>"; };
		220E5E6028420D3A00C061B5 /* MenuView.swift */ = {isa = PBXFileReference; lastKnownFileType = sourcecode.swift; path = MenuView.swift; sourceTree = "<group>"; };
		220E5E632842108200C061B5 /* InfoPanelView.swift */ = {isa = PBXFileReference; lastKnownFileType = sourcecode.swift; path = InfoPanelView.swift; sourceTree = "<group>"; };
		220E5E662842110900C061B5 /* WatermelonsData.swift */ = {isa = PBXFileReference; lastKnownFileType = sourcecode.swift; path = WatermelonsData.swift; sourceTree = "<group>"; };
		220E5E692842113B00C061B5 /* WatermelonModel.swift */ = {isa = PBXFileReference; lastKnownFileType = sourcecode.swift; path = WatermelonModel.swift; sourceTree = "<group>"; };
		22FA60CE284348E6005C7B91 /* Constant.swift */ = {isa = PBXFileReference; lastKnownFileType = sourcecode.swift; path = Constant.swift; sourceTree = "<group>"; };
		22FA60D028434912005C7B91 /* FarmModel.swift */ = {isa = PBXFileReference; lastKnownFileType = sourcecode.swift; path = FarmModel.swift; sourceTree = "<group>"; };
		22FA60D228434952005C7B91 /* FarmData.swift */ = {isa = PBXFileReference; lastKnownFileType = sourcecode.swift; path = FarmData.swift; sourceTree = "<group>"; };
		22FA60D428434984005C7B91 /* FarmDetailView.swift */ = {isa = PBXFileReference; lastKnownFileType = sourcecode.swift; path = FarmDetailView.swift; sourceTree = "<group>"; };
		22FA60D6284349A0005C7B91 /* FarmCardView.swift */ = {isa = PBXFileReference; lastKnownFileType = sourcecode.swift; path = FarmCardView.swift; sourceTree = "<group>"; };
		22FA60D8284349C3005C7B91 /* ChooseView.swift */ = {isa = PBXFileReference; lastKnownFileType = sourcecode.swift; path = ChooseView.swift; sourceTree = "<group>"; };
		22FA60DA28434A0C005C7B91 /* PlaceView.swift */ = {isa = PBXFileReference; lastKnownFileType = sourcecode.swift; path = PlaceView.swift; sourceTree = "<group>"; };
		22FA60DC28434A28005C7B91 /* GridView.swift */ = {isa = PBXFileReference; lastKnownFileType = sourcecode.swift; path = GridView.swift; sourceTree = "<group>"; };
/* End PBXFileReference section */

/* Begin PBXFrameworksBuildPhase section */
		220E5E422841FD0900C061B5 /* Frameworks */ = {
			isa = PBXFrameworksBuildPhase;
			buildActionMask = 2147483647;
			files = (
				22FA60E028434AA9005C7B91 /* iPhoneNumberField in Frameworks */,
			);
			runOnlyForDeploymentPostprocessing = 0;
		};
/* End PBXFrameworksBuildPhase section */

/* Begin PBXGroup section */
		220E5E3C2841FD0900C061B5 = {
			isa = PBXGroup;
			children = (
				220E5E472841FD0900C061B5 /* Arbuz */,
				220E5E462841FD0900C061B5 /* Products */,
			);
			sourceTree = "<group>";
		};
		220E5E462841FD0900C061B5 /* Products */ = {
			isa = PBXGroup;
			children = (
				220E5E452841FD0900C061B5 /* Arbuz.app */,
			);
			name = Products;
			sourceTree = "<group>";
		};
		220E5E472841FD0900C061B5 /* Arbuz */ = {
			isa = PBXGroup;
			children = (
				22FA60CD284348D4005C7B91 /* Constant */,
				220E5E682842112800C061B5 /* Model */,
				220E5E65284210F900C061B5 /* Data */,
				220E5E482841FD0900C061B5 /* AppDelegate.swift */,
				220E5E4A2841FD0900C061B5 /* SceneDelegate.swift */,
				220E5E4C2841FD0900C061B5 /* ViewController.swift */,
				220E5E6228420D4000C061B5 /* SwiftUI Views */,
				220E5E4E2841FD0900C061B5 /* Main.storyboard */,
				220E5E512841FD0B00C061B5 /* Assets.xcassets */,
				220E5E532841FD0B00C061B5 /* LaunchScreen.storyboard */,
				220E5E562841FD0B00C061B5 /* Info.plist */,
			);
			path = Arbuz;
			sourceTree = "<group>";
		};
		220E5E6228420D4000C061B5 /* SwiftUI Views */ = {
			isa = PBXGroup;
			children = (
				220E5E6028420D3A00C061B5 /* MenuView.swift */,
				22FA60D428434984005C7B91 /* FarmDetailView.swift */,
				22FA60D6284349A0005C7B91 /* FarmCardView.swift */,
				22FA60D8284349C3005C7B91 /* ChooseView.swift */,
				220E5E632842108200C061B5 /* InfoPanelView.swift */,
				22FA60DA28434A0C005C7B91 /* PlaceView.swift */,
				22FA60DC28434A28005C7B91 /* GridView.swift */,
				220E5E5E284203E400C061B5 /* FormView.swift */,
			);
			path = "SwiftUI Views";
			sourceTree = "<group>";
		};
		220E5E65284210F900C061B5 /* Data */ = {
			isa = PBXGroup;
			children = (
				220E5E662842110900C061B5 /* WatermelonsData.swift */,
				22FA60D228434952005C7B91 /* FarmData.swift */,
			);
			path = Data;
			sourceTree = "<group>";
		};
		220E5E682842112800C061B5 /* Model */ = {
			isa = PBXGroup;
			children = (
				220E5E692842113B00C061B5 /* WatermelonModel.swift */,
				22FA60D028434912005C7B91 /* FarmModel.swift */,
			);
			path = Model;
			sourceTree = "<group>";
		};
		22FA60CD284348D4005C7B91 /* Constant */ = {
			isa = PBXGroup;
			children = (
				22FA60CE284348E6005C7B91 /* Constant.swift */,
			);
			path = Constant;
			sourceTree = "<group>";
		};
/* End PBXGroup section */

/* Begin PBXNativeTarget section */
		220E5E442841FD0900C061B5 /* Arbuz */ = {
			isa = PBXNativeTarget;
			buildConfigurationList = 220E5E592841FD0B00C061B5 /* Build configuration list for PBXNativeTarget "Arbuz" */;
			buildPhases = (
				220E5E412841FD0900C061B5 /* Sources */,
				220E5E422841FD0900C061B5 /* Frameworks */,
				220E5E432841FD0900C061B5 /* Resources */,
			);
			buildRules = (
			);
			dependencies = (
			);
			name = Arbuz;
			packageProductDependencies = (
				22FA60DF28434AA9005C7B91 /* iPhoneNumberField */,
			);
			productName = Arbuz;
			productReference = 220E5E452841FD0900C061B5 /* Arbuz.app */;
			productType = "com.apple.product-type.application";
		};
/* End PBXNativeTarget section */

/* Begin PBXProject section */
		220E5E3D2841FD0900C061B5 /* Project object */ = {
			isa = PBXProject;
			attributes = {
				BuildIndependentTargetsInParallel = 1;
				LastSwiftUpdateCheck = 1300;
				LastUpgradeCheck = 1300;
				TargetAttributes = {
					220E5E442841FD0900C061B5 = {
						CreatedOnToolsVersion = 13.0;
					};
				};
			};
			buildConfigurationList = 220E5E402841FD0900C061B5 /* Build configuration list for PBXProject "Arbuz" */;
			compatibilityVersion = "Xcode 13.0";
			developmentRegion = en;
			hasScannedForEncodings = 0;
			knownRegions = (
				en,
				Base,
			);
			mainGroup = 220E5E3C2841FD0900C061B5;
			packageReferences = (
				22FA60DE28434AA9005C7B91 /* XCRemoteSwiftPackageReference "iPhoneNumberField" */,
			);
			productRefGroup = 220E5E462841FD0900C061B5 /* Products */;
			projectDirPath = "";
			projectRoot = "";
			targets = (
				220E5E442841FD0900C061B5 /* Arbuz */,
			);
		};
/* End PBXProject section */

/* Begin PBXResourcesBuildPhase section */
		220E5E432841FD0900C061B5 /* Resources */ = {
			isa = PBXResourcesBuildPhase;
			buildActionMask = 2147483647;
			files = (
				220E5E552841FD0B00C061B5 /* LaunchScreen.storyboard in Resources */,
				220E5E522841FD0B00C061B5 /* Assets.xcassets in Resources */,
				220E5E502841FD0900C061B5 /* Main.storyboard in Resources */,
			);
			runOnlyForDeploymentPostprocessing = 0;
		};
/* End PBXResourcesBuildPhase section */

/* Begin PBXSourcesBuildPhase section */
		220E5E412841FD0900C061B5 /* Sources */ = {
			isa = PBXSourcesBuildPhase;
			buildActionMask = 2147483647;
			files = (
				220E5E5F284203E400C061B5 /* FormView.swift in Sources */,
				22FA60D128434912005C7B91 /* FarmModel.swift in Sources */,
				220E5E4D2841FD0900C061B5 /* ViewController.swift in Sources */,
				220E5E492841FD0900C061B5 /* AppDelegate.swift in Sources */,
				220E5E6128420D3A00C061B5 /* MenuView.swift in Sources */,
				220E5E4B2841FD0900C061B5 /* SceneDelegate.swift in Sources */,
				220E5E672842110900C061B5 /* WatermelonsData.swift in Sources */,
				22FA60D528434984005C7B91 /* FarmDetailView.swift in Sources */,
				22FA60CF284348E6005C7B91 /* Constant.swift in Sources */,
				22FA60DD28434A28005C7B91 /* GridView.swift in Sources */,
				22FA60DB28434A0C005C7B91 /* PlaceView.swift in Sources */,
				22FA60D7284349A0005C7B91 /* FarmCardView.swift in Sources */,
				22FA60D328434952005C7B91 /* FarmData.swift in Sources */,
				220E5E642842108200C061B5 /* InfoPanelView.swift in Sources */,
				22FA60D9284349C3005C7B91 /* ChooseView.swift in Sources */,
				220E5E6A2842113B00C061B5 /* WatermelonModel.swift in Sources */,
			);
			runOnlyForDeploymentPostprocessing = 0;
		};
/* End PBXSourcesBuildPhase section */

/* Begin PBXVariantGroup section */
		220E5E4E2841FD0900C061B5 /* Main.storyboard */ = {
			isa = PBXVariantGroup;
			children = (
				220E5E4F2841FD0900C061B5 /* Base */,
			);
			name = Main.storyboard;
			sourceTree = "<group>";
		};
		220E5E532841FD0B00C061B5 /* LaunchScreen.storyboard */ = {
			isa = PBXVariantGroup;
			children = (
				220E5E542841FD0B00C061B5 /* Base */,
			);
			name = LaunchScreen.storyboard;
			sourceTree = "<group>";
		};
/* End PBXVariantGroup section */

/* Begin XCBuildConfiguration section */
		220E5E572841FD0B00C061B5 /* Debug */ = {
			isa = XCBuildConfiguration;
			buildSettings = {
				ALWAYS_SEARCH_USER_PATHS = NO;
				CLANG_ANALYZER_NONNULL = YES;
				CLANG_ANALYZER_NUMBER_OBJECT_CONVERSION = YES_AGGRESSIVE;
				CLANG_CXX_LANGUAGE_STANDARD = "gnu++17";
				CLANG_CXX_LIBRARY = "libc++";
				CLANG_ENABLE_MODULES = YES;
				CLANG_ENABLE_OBJC_ARC = YES;
				CLANG_ENABLE_OBJC_WEAK = YES;
				CLANG_WARN_BLOCK_CAPTURE_AUTORELEASING = YES;
				CLANG_WARN_BOOL_CONVERSION = YES;
				CLANG_WARN_COMMA = YES;
				CLANG_WARN_CONSTANT_CONVERSION = YES;
				CLANG_WARN_DEPRECATED_OBJC_IMPLEMENTATIONS = YES;
				CLANG_WARN_DIRECT_OBJC_ISA_USAGE = YES_ERROR;
				CLANG_WARN_DOCUMENTATION_COMMENTS = YES;
				CLANG_WARN_EMPTY_BODY = YES;
				CLANG_WARN_ENUM_CONVERSION = YES;
				CLANG_WARN_INFINITE_RECURSION = YES;
				CLANG_WARN_INT_CONVERSION = YES;
				CLANG_WARN_NON_LITERAL_NULL_CONVERSION = YES;
				CLANG_WARN_OBJC_IMPLICIT_RETAIN_SELF = YES;
				CLANG_WARN_OBJC_LITERAL_CONVERSION = YES;
				CLANG_WARN_OBJC_ROOT_CLASS = YES_ERROR;
				CLANG_WARN_QUOTED_INCLUDE_IN_FRAMEWORK_HEADER = YES;
				CLANG_WARN_RANGE_LOOP_ANALYSIS = YES;
				CLANG_WARN_STRICT_PROTOTYPES = YES;
				CLANG_WARN_SUSPICIOUS_MOVE = YES;
				CLANG_WARN_UNGUARDED_AVAILABILITY = YES_AGGRESSIVE;
				CLANG_WARN_UNREACHABLE_CODE = YES;
				CLANG_WARN__DUPLICATE_METHOD_MATCH = YES;
				COPY_PHASE_STRIP = NO;
				DEBUG_INFORMATION_FORMAT = dwarf;
				ENABLE_STRICT_OBJC_MSGSEND = YES;
				ENABLE_TESTABILITY = YES;
				GCC_C_LANGUAGE_STANDARD = gnu11;
				GCC_DYNAMIC_NO_PIC = NO;
				GCC_NO_COMMON_BLOCKS = YES;
				GCC_OPTIMIZATION_LEVEL = 0;
				GCC_PREPROCESSOR_DEFINITIONS = (
					"DEBUG=1",
					"$(inherited)",
				);
				GCC_WARN_64_TO_32_BIT_CONVERSION = YES;
				GCC_WARN_ABOUT_RETURN_TYPE = YES_ERROR;
				GCC_WARN_UNDECLARED_SELECTOR = YES;
				GCC_WARN_UNINITIALIZED_AUTOS = YES_AGGRESSIVE;
				GCC_WARN_UNUSED_FUNCTION = YES;
				GCC_WARN_UNUSED_VARIABLE = YES;
				IPHONEOS_DEPLOYMENT_TARGET = 15.0;
				MTL_ENABLE_DEBUG_INFO = INCLUDE_SOURCE;
				MTL_FAST_MATH = YES;
				ONLY_ACTIVE_ARCH = YES;
				SDKROOT = iphoneos;
				SWIFT_ACTIVE_COMPILATION_CONDITIONS = DEBUG;
				SWIFT_OPTIMIZATION_LEVEL = "-Onone";
			};
			name = Debug;
		};
		220E5E582841FD0B00C061B5 /* Release */ = {
			isa = XCBuildConfiguration;
			buildSettings = {
				ALWAYS_SEARCH_USER_PATHS = NO;
				CLANG_ANALYZER_NONNULL = YES;
				CLANG_ANALYZER_NUMBER_OBJECT_CONVERSION = YES_AGGRESSIVE;
				CLANG_CXX_LANGUAGE_STANDARD = "gnu++17";
				CLANG_CXX_LIBRARY = "libc++";
				CLANG_ENABLE_MODULES = YES;
				CLANG_ENABLE_OBJC_ARC = YES;
				CLANG_ENABLE_OBJC_WEAK = YES;
				CLANG_WARN_BLOCK_CAPTURE_AUTORELEASING = YES;
				CLANG_WARN_BOOL_CONVERSION = YES;
				CLANG_WARN_COMMA = YES;
				CLANG_WARN_CONSTANT_CONVERSION = YES;
				CLANG_WARN_DEPRECATED_OBJC_IMPLEMENTATIONS = YES;
				CLANG_WARN_DIRECT_OBJC_ISA_USAGE = YES_ERROR;
				CLANG_WARN_DOCUMENTATION_COMMENTS = YES;
				CLANG_WARN_EMPTY_BODY = YES;
				CLANG_WARN_ENUM_CONVERSION = YES;
				CLANG_WARN_INFINITE_RECURSION = YES;
				CLANG_WARN_INT_CONVERSION = YES;
				CLANG_WARN_NON_LITERAL_NULL_CONVERSION = YES;
				CLANG_WARN_OBJC_IMPLICIT_RETAIN_SELF = YES;
				CLANG_WARN_OBJC_LITERAL_CONVERSION = YES;
				CLANG_WARN_OBJC_ROOT_CLASS = YES_ERROR;
				CLANG_WARN_QUOTED_INCLUDE_IN_FRAMEWORK_HEADER = YES;
				CLANG_WARN_RANGE_LOOP_ANALYSIS = YES;
				CLANG_WARN_STRICT_PROTOTYPES = YES;
				CLANG_WARN_SUSPICIOUS_MOVE = YES;
				CLANG_WARN_UNGUARDED_AVAILABILITY = YES_AGGRESSIVE;
				CLANG_WARN_UNREACHABLE_CODE = YES;
				CLANG_WARN__DUPLICATE_METHOD_MATCH = YES;
				COPY_PHASE_STRIP = NO;
				DEBUG_INFORMATION_FORMAT = "dwarf-with-dsym";
				ENABLE_NS_ASSERTIONS = NO;
				ENABLE_STRICT_OBJC_MSGSEND = YES;
				GCC_C_LANGUAGE_STANDARD = gnu11;
				GCC_NO_COMMON_BLOCKS = YES;
				GCC_WARN_64_TO_32_BIT_CONVERSION = YES;
				GCC_WARN_ABOUT_RETURN_TYPE = YES_ERROR;
				GCC_WARN_UNDECLARED_SELECTOR = YES;
				GCC_WARN_UNINITIALIZED_AUTOS = YES_AGGRESSIVE;
				GCC_WARN_UNUSED_FUNCTION = YES;
				GCC_WARN_UNUSED_VARIABLE = YES;
				IPHONEOS_DEPLOYMENT_TARGET = 15.0;
				MTL_ENABLE_DEBUG_INFO = NO;
				MTL_FAST_MATH = YES;
				SDKROOT = iphoneos;
				SWIFT_COMPILATION_MODE = wholemodule;
				SWIFT_OPTIMIZATION_LEVEL = "-O";
				VALIDATE_PRODUCT = YES;
			};
			name = Release;
		};
		220E5E5A2841FD0B00C061B5 /* Debug */ = {
			isa = XCBuildConfiguration;
			buildSettings = {
				ASSETCATALOG_COMPILER_APPICON_NAME = AppIcon;
				ASSETCATALOG_COMPILER_GLOBAL_ACCENT_COLOR_NAME = AccentColor;
				CODE_SIGN_STYLE = Automatic;
				CURRENT_PROJECT_VERSION = 1;
				DEVELOPMENT_TEAM = 3V69YAS47D;
				GENERATE_INFOPLIST_FILE = YES;
				INFOPLIST_FILE = Arbuz/Info.plist;
				INFOPLIST_KEY_UIApplicationSupportsIndirectInputEvents = YES;
				INFOPLIST_KEY_UILaunchStoryboardName = LaunchScreen;
				INFOPLIST_KEY_UIMainStoryboardFile = Main;
				INFOPLIST_KEY_UISupportedInterfaceOrientations_iPad = "UIInterfaceOrientationPortrait UIInterfaceOrientationPortraitUpsideDown UIInterfaceOrientationLandscapeLeft UIInterfaceOrientationLandscapeRight";
				INFOPLIST_KEY_UISupportedInterfaceOrientations_iPhone = "UIInterfaceOrientationPortrait UIInterfaceOrientationLandscapeLeft UIInterfaceOrientationLandscapeRight";
				LD_RUNPATH_SEARCH_PATHS = (
					"$(inherited)",
					"@executable_path/Frameworks",
				);
				MARKETING_VERSION = 1.0;
				PRODUCT_BUNDLE_IDENTIFIER = com.kussainov.Arbuz;
				PRODUCT_NAME = "$(TARGET_NAME)";
				SWIFT_EMIT_LOC_STRINGS = YES;
				SWIFT_VERSION = 5.0;
				TARGETED_DEVICE_FAMILY = "1,2";
			};
			name = Debug;
		};
		220E5E5B2841FD0B00C061B5 /* Release */ = {
			isa = XCBuildConfiguration;
			buildSettings = {
				ASSETCATALOG_COMPILER_APPICON_NAME = AppIcon;
				ASSETCATALOG_COMPILER_GLOBAL_ACCENT_COLOR_NAME = AccentColor;
				CODE_SIGN_STYLE = Automatic;
				CURRENT_PROJECT_VERSION = 1;
				DEVELOPMENT_TEAM = 3V69YAS47D;
				GENERATE_INFOPLIST_FILE = YES;
				INFOPLIST_FILE = Arbuz/Info.plist;
				INFOPLIST_KEY_UIApplicationSupportsIndirectInputEvents = YES;
				INFOPLIST_KEY_UILaunchStoryboardName = LaunchScreen;
				INFOPLIST_KEY_UIMainStoryboardFile = Main;
				INFOPLIST_KEY_UISupportedInterfaceOrientations_iPad = "UIInterfaceOrientationPortrait UIInterfaceOrientationPortraitUpsideDown UIInterfaceOrientationLandscapeLeft UIInterfaceOrientationLandscapeRight";
				INFOPLIST_KEY_UISupportedInterfaceOrientations_iPhone = "UIInterfaceOrientationPortrait UIInterfaceOrientationLandscapeLeft UIInterfaceOrientationLandscapeRight";
				LD_RUNPATH_SEARCH_PATHS = (
					"$(inherited)",
					"@executable_path/Frameworks",
				);
				MARKETING_VERSION = 1.0;
				PRODUCT_BUNDLE_IDENTIFIER = com.kussainov.Arbuz;
				PRODUCT_NAME = "$(TARGET_NAME)";
				SWIFT_EMIT_LOC_STRINGS = YES;
				SWIFT_VERSION = 5.0;
				TARGETED_DEVICE_FAMILY = "1,2";
			};
			name = Release;
		};
/* End XCBuildConfiguration section */

/* Begin XCConfigurationList section */
		220E5E402841FD0900C061B5 /* Build configuration list for PBXProject "Arbuz" */ = {
			isa = XCConfigurationList;
			buildConfigurations = (
				220E5E572841FD0B00C061B5 /* Debug */,
				220E5E582841FD0B00C061B5 /* Release */,
			);
			defaultConfigurationIsVisible = 0;
			defaultConfigurationName = Release;
		};
		220E5E592841FD0B00C061B5 /* Build configuration list for PBXNativeTarget "Arbuz" */ = {
			isa = XCConfigurationList;
			buildConfigurations = (
				220E5E5A2841FD0B00C061B5 /* Debug */,
				220E5E5B2841FD0B00C061B5 /* Release */,
			);
			defaultConfigurationIsVisible = 0;
			defaultConfigurationName = Release;
		};
/* End XCConfigurationList section */

/* Begin XCRemoteSwiftPackageReference section */
		22FA60DE28434AA9005C7B91 /* XCRemoteSwiftPackageReference "iPhoneNumberField" */ = {
			isa = XCRemoteSwiftPackageReference;
			repositoryURL = "https://github.com/MojtabaHs/iPhoneNumberField.git";
			requirement = {
				branch = master;
				kind = branch;
			};
		};
/* End XCRemoteSwiftPackageReference section */

/* Begin XCSwiftPackageProductDependency section */
		22FA60DF28434AA9005C7B91 /* iPhoneNumberField */ = {
			isa = XCSwiftPackageProductDependency;
			package = 22FA60DE28434AA9005C7B91 /* XCRemoteSwiftPackageReference "iPhoneNumberField" */;
			productName = iPhoneNumberField;
		};
/* End XCSwiftPackageProductDependency section */
	};
	rootObject = 220E5E3D2841FD0900C061B5 /* Project object */;
}
